{
  "name": "@imgly/background-removal",
  "version": "1.0",
  "lockfileVersion": 3,
  "requires": true,
  "packages": {
    "": {
      "name": "@imgly/background-removal",
      "version": "1.0",
      "license": "SEE LICENSE IN LICENSE.md",
      "devDependencies": {
        "@types/lodash": "^4.14.195",
        "@types/node": "^20.3.1",
        "assert": "^2.0.0",
        "lodash": "^4.17.21",
        "onnxruntime-web": "~1.15.0",
        "ts-loader": "^9.4.3",
        "tslib": "^2.5.3",
        "typescript": "^5.1.3",
        "util": "^0.12.5",
        "wasm-feature-detect": "^1.5.1",
        "webpack": "^5.85.1",
        "webpack-cli": "^5.1.4",
        "zod": "^3.21.4"
      }
    },
    "node_modules/@discoveryjs/json-ext": {
      "version": "0.5.7",
      "dev": true,
      "license": "MIT",
      "engines": {
        "node": ">=10.0.0"
      }
    },
    "node_modules/@jridgewell/gen-mapping": {
      "version": "0.3.3",
      "dev": true,
      "license": "MIT",
      "dependencies": {
        "@jridgewell/set-array": "^1.0.1",
        "@jridgewell/sourcemap-codec": "^1.4.10",
        "@jridgewell/trace-mapping": "^0.3.9"
      },
      "engines": {
        "node": ">=6.0.0"
      }
    },
    "node_modules/@jridgewell/gen-mapping/node_modules/@jridgewell/sourcemap-codec": {
      "version": "1.4.15",
      "dev": true,
      "license": "MIT"
    },
    "node_modules/@jridgewell/resolve-uri": {
      "version": "3.1.0",
      "dev": true,
      "license": "MIT",
      "engines": {
        "node": ">=6.0.0"
      }
    },
    "node_modules/@jridgewell/set-array": {
      "version": "1.1.2",
      "dev": true,
      "license": "MIT",
      "engines": {
        "node": ">=6.0.0"
      }
    },
    "node_modules/@jridgewell/source-map": {
      "version": "0.3.3",
      "dev": true,
      "license": "MIT",
      "dependencies": {
        "@jridgewell/gen-mapping": "^0.3.0",
        "@jridgewell/trace-mapping": "^0.3.9"
      }
    },
    "node_modules/@jridgewell/sourcemap-codec": {
      "version": "1.4.14",
      "dev": true,
      "license": "MIT"
    },
    "node_modules/@jridgewell/trace-mapping": {
      "version": "0.3.18",
      "dev": true,
      "license": "MIT",
      "dependencies": {
        "@jridgewell/resolve-uri": "3.1.0",
        "@jridgewell/sourcemap-codec": "1.4.14"
      }
    },
    "node_modules/@protobufjs/aspromise": {
      "version": "1.1.2",
      "dev": true,
      "license": "BSD-3-Clause"
    },
    "node_modules/@protobufjs/base64": {
      "version": "1.1.2",
      "dev": true,
      "license": "BSD-3-Clause"
    },
    "node_modules/@protobufjs/codegen": {
      "version": "2.0.4",
      "dev": true,
      "license": "BSD-3-Clause"
    },
    "node_modules/@protobufjs/eventemitter": {
      "version": "1.1.0",
      "dev": true,
      "license": "BSD-3-Clause"
    },
    "node_modules/@protobufjs/fetch": {
      "version": "1.1.0",
      "dev": true,
      "license": "BSD-3-Clause",
      "dependencies": {
        "@protobufjs/aspromise": "^1.1.1",
        "@protobufjs/inquire": "^1.1.0"
      }
    },
    "node_modules/@protobufjs/float": {
      "version": "1.0.2",
      "dev": true,
      "license": "BSD-3-Clause"
    },
    "node_modules/@protobufjs/inquire": {
      "version": "1.1.0",
      "dev": true,
      "license": "BSD-3-Clause"
    },
    "node_modules/@protobufjs/path": {
      "version": "1.1.2",
      "dev": true,
      "license": "BSD-3-Clause"
    },
    "node_modules/@protobufjs/pool": {
      "version": "1.1.0",
      "dev": true,
      "license": "BSD-3-Clause"
    },
    "node_modules/@protobufjs/utf8": {
      "version": "1.1.0",
      "dev": true,
      "license": "BSD-3-Clause"
    },
    "node_modules/@types/eslint": {
      "version": "8.40.2",
      "dev": true,
      "license": "MIT",
      "dependencies": {
        "@types/estree": "*",
        "@types/json-schema": "*"
      }
    },
    "node_modules/@types/eslint-scope": {
      "version": "3.7.4",
      "dev": true,
      "license": "MIT",
      "dependencies": {
        "@types/eslint": "*",
        "@types/estree": "*"
      }
    },
    "node_modules/@types/estree": {
      "version": "1.0.1",
      "dev": true,
      "license": "MIT"
    },
    "node_modules/@types/json-schema": {
      "version": "7.0.12",
      "dev": true,
      "license": "MIT"
    },
    "node_modules/@types/lodash": {
      "version": "4.14.195",
      "resolved": "https://registry.npmjs.org/@types/lodash/-/lodash-4.14.195.tgz",
      "integrity": "sha512-Hwx9EUgdwf2GLarOjQp5ZH8ZmblzcbTBC2wtQWNKARBSxM9ezRIAUpeDTgoQRAFB0+8CNWXVA9+MaSOzOF3nPg==",
      "dev": true
    },
    "node_modules/@types/long": {
      "version": "4.0.2",
      "dev": true,
      "license": "MIT"
    },
    "node_modules/@types/node": {
      "version": "20.3.1",
      "resolved": "https://registry.npmjs.org/@types/node/-/node-20.3.1.tgz",
      "integrity": "sha512-EhcH/wvidPy1WeML3TtYFGR83UzjxeWRen9V402T8aUGYsCHOmfoisV3ZSg03gAFIbLq8TnWOJ0f4cALtnSEUg==",
      "dev": true
    },
    "node_modules/@webassemblyjs/ast": {
      "version": "1.11.6",
      "dev": true,
      "license": "MIT",
      "dependencies": {
        "@webassemblyjs/helper-numbers": "1.11.6",
        "@webassemblyjs/helper-wasm-bytecode": "1.11.6"
      }
    },
    "node_modules/@webassemblyjs/floating-point-hex-parser": {
      "version": "1.11.6",
      "dev": true,
      "license": "MIT"
    },
    "node_modules/@webassemblyjs/helper-api-error": {
      "version": "1.11.6",
      "dev": true,
      "license": "MIT"
    },
    "node_modules/@webassemblyjs/helper-buffer": {
      "version": "1.11.6",
      "dev": true,
      "license": "MIT"
    },
    "node_modules/@webassemblyjs/helper-numbers": {
      "version": "1.11.6",
      "dev": true,
      "license": "MIT",
      "dependencies": {
        "@webassemblyjs/floating-point-hex-parser": "1.11.6",
        "@webassemblyjs/helper-api-error": "1.11.6",
        "@xtuc/long": "4.2.2"
      }
    },
    "node_modules/@webassemblyjs/helper-wasm-bytecode": {
      "version": "1.11.6",
      "dev": true,
      "license": "MIT"
    },
    "node_modules/@webassemblyjs/helper-wasm-section": {
      "version": "1.11.6",
      "dev": true,
      "license": "MIT",
      "dependencies": {
        "@webassemblyjs/ast": "1.11.6",
        "@webassemblyjs/helper-buffer": "1.11.6",
        "@webassemblyjs/helper-wasm-bytecode": "1.11.6",
        "@webassemblyjs/wasm-gen": "1.11.6"
      }
    },
    "node_modules/@webassemblyjs/ieee754": {
      "version": "1.11.6",
      "dev": true,
      "license": "MIT",
      "dependencies": {
        "@xtuc/ieee754": "^1.2.0"
      }
    },
    "node_modules/@webassemblyjs/leb128": {
      "version": "1.11.6",
      "dev": true,
      "license": "Apache-2.0",
      "dependencies": {
        "@xtuc/long": "4.2.2"
      }
    },
    "node_modules/@webassemblyjs/utf8": {
      "version": "1.11.6",
      "dev": true,
      "license": "MIT"
    },
    "node_modules/@webassemblyjs/wasm-edit": {
      "version": "1.11.6",
      "dev": true,
      "license": "MIT",
      "dependencies": {
        "@webassemblyjs/ast": "1.11.6",
        "@webassemblyjs/helper-buffer": "1.11.6",
        "@webassemblyjs/helper-wasm-bytecode": "1.11.6",
        "@webassemblyjs/helper-wasm-section": "1.11.6",
        "@webassemblyjs/wasm-gen": "1.11.6",
        "@webassemblyjs/wasm-opt": "1.11.6",
        "@webassemblyjs/wasm-parser": "1.11.6",
        "@webassemblyjs/wast-printer": "1.11.6"
      }
    },
    "node_modules/@webassemblyjs/wasm-gen": {
      "version": "1.11.6",
      "dev": true,
      "license": "MIT",
      "dependencies": {
        "@webassemblyjs/ast": "1.11.6",
        "@webassemblyjs/helper-wasm-bytecode": "1.11.6",
        "@webassemblyjs/ieee754": "1.11.6",
        "@webassemblyjs/leb128": "1.11.6",
        "@webassemblyjs/utf8": "1.11.6"
      }
    },
    "node_modules/@webassemblyjs/wasm-opt": {
      "version": "1.11.6",
      "dev": true,
      "license": "MIT",
      "dependencies": {
        "@webassemblyjs/ast": "1.11.6",
        "@webassemblyjs/helper-buffer": "1.11.6",
        "@webassemblyjs/wasm-gen": "1.11.6",
        "@webassemblyjs/wasm-parser": "1.11.6"
      }
    },
    "node_modules/@webassemblyjs/wasm-parser": {
      "version": "1.11.6",
      "dev": true,
      "license": "MIT",
      "dependencies": {
        "@webassemblyjs/ast": "1.11.6",
        "@webassemblyjs/helper-api-error": "1.11.6",
        "@webassemblyjs/helper-wasm-bytecode": "1.11.6",
        "@webassemblyjs/ieee754": "1.11.6",
        "@webassemblyjs/leb128": "1.11.6",
        "@webassemblyjs/utf8": "1.11.6"
      }
    },
    "node_modules/@webassemblyjs/wast-printer": {
      "version": "1.11.6",
      "dev": true,
      "license": "MIT",
      "dependencies": {
        "@webassemblyjs/ast": "1.11.6",
        "@xtuc/long": "4.2.2"
      }
    },
    "node_modules/@webpack-cli/configtest": {
      "version": "2.1.1",
      "dev": true,
      "license": "MIT",
      "engines": {
        "node": ">=14.15.0"
      },
      "peerDependencies": {
        "webpack": "5.x.x",
        "webpack-cli": "5.x.x"
      }
    },
    "node_modules/@webpack-cli/info": {
      "version": "2.0.2",
      "dev": true,
      "license": "MIT",
      "engines": {
        "node": ">=14.15.0"
      },
      "peerDependencies": {
        "webpack": "5.x.x",
        "webpack-cli": "5.x.x"
      }
    },
    "node_modules/@webpack-cli/serve": {
      "version": "2.0.5",
      "dev": true,
      "license": "MIT",
      "engines": {
        "node": ">=14.15.0"
      },
      "peerDependencies": {
        "webpack": "5.x.x",
        "webpack-cli": "5.x.x"
      },
      "peerDependenciesMeta": {
        "webpack-dev-server": {
          "optional": true
        }
      }
    },
    "node_modules/@xtuc/ieee754": {
      "version": "1.2.0",
      "dev": true,
      "license": "BSD-3-Clause"
    },
    "node_modules/@xtuc/long": {
      "version": "4.2.2",
      "dev": true,
      "license": "Apache-2.0"
    },
    "node_modules/acorn": {
      "version": "8.8.2",
      "dev": true,
      "license": "MIT",
      "bin": {
        "acorn": "bin/acorn"
      },
      "engines": {
        "node": ">=0.4.0"
      }
    },
    "node_modules/acorn-import-assertions": {
      "version": "1.9.0",
      "dev": true,
      "license": "MIT",
      "peerDependencies": {
        "acorn": "^8"
      }
    },
    "node_modules/ajv": {
      "version": "6.12.6",
      "dev": true,
      "license": "MIT",
      "dependencies": {
        "fast-deep-equal": "^3.1.1",
        "fast-json-stable-stringify": "^2.0.0",
        "json-schema-traverse": "^0.4.1",
        "uri-js": "^4.2.2"
      },
      "funding": {
        "type": "github",
        "url": "https://github.com/sponsors/epoberezkin"
      }
    },
    "node_modules/ajv-keywords": {
      "version": "3.5.2",
      "dev": true,
      "license": "MIT",
      "peerDependencies": {
        "ajv": "^6.9.1"
      }
    },
    "node_modules/assert": {
      "version": "2.0.0",
      "dev": true,
      "license": "MIT",
      "dependencies": {
        "es6-object-assign": "^1.1.0",
        "is-nan": "^1.2.1",
        "object-is": "^1.0.1",
        "util": "^0.12.0"
      }
    },
    "node_modules/available-typed-arrays": {
      "version": "1.0.5",
      "dev": true,
      "license": "MIT",
      "engines": {
        "node": ">= 0.4"
      },
      "funding": {
        "url": "https://github.com/sponsors/ljharb"
      }
    },
    "node_modules/braces": {
      "version": "3.0.2",
      "dev": true,
      "license": "MIT",
      "dependencies": {
        "fill-range": "^7.0.1"
      },
      "engines": {
        "node": ">=8"
      }
    },
    "node_modules/browserslist": {
      "version": "4.21.8",
      "dev": true,
      "funding": [
        {
          "type": "opencollective",
          "url": "https://opencollective.com/browserslist"
        },
        {
          "type": "tidelift",
          "url": "https://tidelift.com/funding/github/npm/browserslist"
        },
        {
          "type": "github",
          "url": "https://github.com/sponsors/ai"
        }
      ],
      "license": "MIT",
      "dependencies": {
        "caniuse-lite": "^1.0.30001502",
        "electron-to-chromium": "^1.4.428",
        "node-releases": "^2.0.12",
        "update-browserslist-db": "^1.0.11"
      },
      "bin": {
        "browserslist": "cli.js"
      },
      "engines": {
        "node": "^6 || ^7 || ^8 || ^9 || ^10 || ^11 || ^12 || >=13.7"
      }
    },
    "node_modules/buffer-from": {
      "version": "1.1.2",
      "dev": true,
      "license": "MIT"
    },
    "node_modules/call-bind": {
      "version": "1.0.2",
      "dev": true,
      "license": "MIT",
      "dependencies": {
        "function-bind": "^1.1.1",
        "get-intrinsic": "^1.0.2"
      },
      "funding": {
        "url": "https://github.com/sponsors/ljharb"
      }
    },
    "node_modules/caniuse-lite": {
      "version": "1.0.30001503",
      "dev": true,
      "funding": [
        {
          "type": "opencollective",
          "url": "https://opencollective.com/browserslist"
        },
        {
          "type": "tidelift",
          "url": "https://tidelift.com/funding/github/npm/caniuse-lite"
        },
        {
          "type": "github",
          "url": "https://github.com/sponsors/ai"
        }
      ],
      "license": "CC-BY-4.0"
    },
    "node_modules/chrome-trace-event": {
      "version": "1.0.3",
      "dev": true,
      "license": "MIT",
      "engines": {
        "node": ">=6.0"
      }
    },
    "node_modules/clone-deep": {
      "version": "4.0.1",
      "dev": true,
      "license": "MIT",
      "dependencies": {
        "is-plain-object": "^2.0.4",
        "kind-of": "^6.0.2",
        "shallow-clone": "^3.0.0"
      },
      "engines": {
        "node": ">=6"
      }
    },
    "node_modules/colorette": {
      "version": "2.0.20",
      "dev": true,
      "license": "MIT"
    },
    "node_modules/commander": {
      "version": "10.0.1",
      "dev": true,
      "license": "MIT",
      "engines": {
        "node": ">=14"
      }
    },
    "node_modules/cross-spawn": {
      "version": "7.0.3",
      "dev": true,
      "license": "MIT",
      "dependencies": {
        "path-key": "^3.1.0",
        "shebang-command": "^2.0.0",
        "which": "^2.0.1"
      },
      "engines": {
        "node": ">= 8"
      }
    },
    "node_modules/define-properties": {
      "version": "1.2.0",
      "dev": true,
      "license": "MIT",
      "dependencies": {
        "has-property-descriptors": "^1.0.0",
        "object-keys": "^1.1.1"
      },
      "engines": {
        "node": ">= 0.4"
      },
      "funding": {
        "url": "https://github.com/sponsors/ljharb"
      }
    },
    "node_modules/electron-to-chromium": {
      "version": "1.4.430",
      "dev": true,
      "license": "ISC"
    },
    "node_modules/enhanced-resolve": {
      "version": "5.15.0",
      "dev": true,
      "license": "MIT",
      "dependencies": {
        "graceful-fs": "^4.2.4",
        "tapable": "^2.2.0"
      },
      "engines": {
        "node": ">=10.13.0"
      }
    },
    "node_modules/envinfo": {
      "version": "7.8.1",
      "dev": true,
      "license": "MIT",
      "bin": {
        "envinfo": "dist/cli.js"
      },
      "engines": {
        "node": ">=4"
      }
    },
    "node_modules/es-module-lexer": {
      "version": "1.3.0",
      "dev": true,
      "license": "MIT"
    },
    "node_modules/es6-object-assign": {
      "version": "1.1.0",
      "dev": true,
      "license": "MIT"
    },
    "node_modules/escalade": {
      "version": "3.1.1",
      "dev": true,
      "license": "MIT",
      "engines": {
        "node": ">=6"
      }
    },
    "node_modules/eslint-scope": {
      "version": "5.1.1",
      "dev": true,
      "license": "BSD-2-Clause",
      "dependencies": {
        "esrecurse": "^4.3.0",
        "estraverse": "^4.1.1"
      },
      "engines": {
        "node": ">=8.0.0"
      }
    },
    "node_modules/esrecurse": {
      "version": "4.3.0",
      "dev": true,
      "license": "BSD-2-Clause",
      "dependencies": {
        "estraverse": "^5.2.0"
      },
      "engines": {
        "node": ">=4.0"
      }
    },
    "node_modules/esrecurse/node_modules/estraverse": {
      "version": "5.3.0",
      "dev": true,
      "license": "BSD-2-Clause",
      "engines": {
        "node": ">=4.0"
      }
    },
    "node_modules/estraverse": {
      "version": "4.3.0",
      "dev": true,
      "license": "BSD-2-Clause",
      "engines": {
        "node": ">=4.0"
      }
    },
    "node_modules/events": {
      "version": "3.3.0",
      "dev": true,
      "license": "MIT",
      "engines": {
        "node": ">=0.8.x"
      }
    },
    "node_modules/fast-deep-equal": {
      "version": "3.1.3",
      "dev": true,
      "license": "MIT"
    },
    "node_modules/fast-json-stable-stringify": {
      "version": "2.1.0",
      "dev": true,
      "license": "MIT"
    },
    "node_modules/fastest-levenshtein": {
      "version": "1.0.16",
      "dev": true,
      "license": "MIT",
      "engines": {
        "node": ">= 4.9.1"
      }
    },
    "node_modules/fill-range": {
      "version": "7.0.1",
      "dev": true,
      "license": "MIT",
      "dependencies": {
        "to-regex-range": "^5.0.1"
      },
      "engines": {
        "node": ">=8"
      }
    },
    "node_modules/flatbuffers": {
      "version": "1.12.0",
      "dev": true,
      "license": "SEE LICENSE IN LICENSE.txt"
    },
    "node_modules/for-each": {
      "version": "0.3.3",
      "dev": true,
      "license": "MIT",
      "dependencies": {
        "is-callable": "^1.1.3"
      }
    },
    "node_modules/function-bind": {
      "version": "1.1.1",
      "dev": true,
      "license": "MIT"
    },
    "node_modules/get-intrinsic": {
      "version": "1.2.1",
      "dev": true,
      "license": "MIT",
      "dependencies": {
        "function-bind": "^1.1.1",
        "has": "^1.0.3",
        "has-proto": "^1.0.1",
        "has-symbols": "^1.0.3"
      },
      "funding": {
        "url": "https://github.com/sponsors/ljharb"
      }
    },
    "node_modules/glob-to-regexp": {
      "version": "0.4.1",
      "dev": true,
      "license": "BSD-2-Clause"
    },
    "node_modules/gopd": {
      "version": "1.0.1",
      "dev": true,
      "license": "MIT",
      "dependencies": {
        "get-intrinsic": "^1.1.3"
      },
      "funding": {
        "url": "https://github.com/sponsors/ljharb"
      }
    },
    "node_modules/graceful-fs": {
      "version": "4.2.11",
      "dev": true,
      "license": "ISC"
    },
    "node_modules/guid-typescript": {
      "version": "1.0.9",
      "dev": true,
      "license": "ISC"
    },
    "node_modules/has": {
      "version": "1.0.3",
      "dev": true,
      "license": "MIT",
      "dependencies": {
        "function-bind": "^1.1.1"
      },
      "engines": {
        "node": ">= 0.4.0"
      }
    },
    "node_modules/has-flag": {
      "version": "4.0.0",
      "dev": true,
      "license": "MIT",
      "engines": {
        "node": ">=8"
      }
    },
    "node_modules/has-property-descriptors": {
      "version": "1.0.0",
      "dev": true,
      "license": "MIT",
      "dependencies": {
        "get-intrinsic": "^1.1.1"
      },
      "funding": {
        "url": "https://github.com/sponsors/ljharb"
      }
    },
    "node_modules/has-proto": {
      "version": "1.0.1",
      "dev": true,
      "license": "MIT",
      "engines": {
        "node": ">= 0.4"
      },
      "funding": {
        "url": "https://github.com/sponsors/ljharb"
      }
    },
    "node_modules/has-symbols": {
      "version": "1.0.3",
      "dev": true,
      "license": "MIT",
      "engines": {
        "node": ">= 0.4"
      },
      "funding": {
        "url": "https://github.com/sponsors/ljharb"
      }
    },
    "node_modules/has-tostringtag": {
      "version": "1.0.0",
      "dev": true,
      "license": "MIT",
      "dependencies": {
        "has-symbols": "^1.0.2"
      },
      "engines": {
        "node": ">= 0.4"
      },
      "funding": {
        "url": "https://github.com/sponsors/ljharb"
      }
    },
    "node_modules/import-local": {
      "version": "3.1.0",
      "dev": true,
      "license": "MIT",
      "dependencies": {
        "pkg-dir": "^4.2.0",
        "resolve-cwd": "^3.0.0"
      },
      "bin": {
        "import-local-fixture": "fixtures/cli.js"
      },
      "engines": {
        "node": ">=8"
      },
      "funding": {
        "url": "https://github.com/sponsors/sindresorhus"
      }
    },
    "node_modules/import-local/node_modules/find-up": {
      "version": "4.1.0",
      "dev": true,
      "license": "MIT",
      "dependencies": {
        "locate-path": "^5.0.0",
        "path-exists": "^4.0.0"
      },
      "engines": {
        "node": ">=8"
      }
    },
    "node_modules/import-local/node_modules/locate-path": {
      "version": "5.0.0",
      "dev": true,
      "license": "MIT",
      "dependencies": {
        "p-locate": "^4.1.0"
      },
      "engines": {
        "node": ">=8"
      }
    },
    "node_modules/import-local/node_modules/p-locate": {
      "version": "4.1.0",
      "dev": true,
      "license": "MIT",
      "dependencies": {
        "p-limit": "^2.2.0"
      },
      "engines": {
        "node": ">=8"
      }
    },
    "node_modules/import-local/node_modules/pkg-dir": {
      "version": "4.2.0",
      "dev": true,
      "license": "MIT",
      "dependencies": {
        "find-up": "^4.0.0"
      },
      "engines": {
        "node": ">=8"
      }
    },
    "node_modules/inherits": {
      "version": "2.0.4",
      "dev": true,
      "license": "ISC"
    },
    "node_modules/interpret": {
      "version": "3.1.1",
      "dev": true,
      "license": "MIT",
      "engines": {
        "node": ">=10.13.0"
      }
    },
    "node_modules/is-arguments": {
      "version": "1.1.1",
      "dev": true,
      "license": "MIT",
      "dependencies": {
        "call-bind": "^1.0.2",
        "has-tostringtag": "^1.0.0"
      },
      "engines": {
        "node": ">= 0.4"
      },
      "funding": {
        "url": "https://github.com/sponsors/ljharb"
      }
    },
    "node_modules/is-callable": {
      "version": "1.2.7",
      "dev": true,
      "license": "MIT",
      "engines": {
        "node": ">= 0.4"
      },
      "funding": {
        "url": "https://github.com/sponsors/ljharb"
      }
    },
    "node_modules/is-core-module": {
      "version": "2.12.1",
      "dev": true,
      "license": "MIT",
      "dependencies": {
        "has": "^1.0.3"
      },
      "funding": {
        "url": "https://github.com/sponsors/ljharb"
      }
    },
    "node_modules/is-generator-function": {
      "version": "1.0.10",
      "dev": true,
      "license": "MIT",
      "dependencies": {
        "has-tostringtag": "^1.0.0"
      },
      "engines": {
        "node": ">= 0.4"
      },
      "funding": {
        "url": "https://github.com/sponsors/ljharb"
      }
    },
    "node_modules/is-nan": {
      "version": "1.3.2",
      "dev": true,
      "license": "MIT",
      "dependencies": {
        "call-bind": "^1.0.0",
        "define-properties": "^1.1.3"
      },
      "engines": {
        "node": ">= 0.4"
      },
      "funding": {
        "url": "https://github.com/sponsors/ljharb"
      }
    },
    "node_modules/is-number": {
      "version": "7.0.0",
      "dev": true,
      "license": "MIT",
      "engines": {
        "node": ">=0.12.0"
      }
    },
    "node_modules/is-plain-object": {
      "version": "2.0.4",
      "dev": true,
      "license": "MIT",
      "dependencies": {
        "isobject": "^3.0.1"
      },
      "engines": {
        "node": ">=0.10.0"
      }
    },
    "node_modules/is-typed-array": {
      "version": "1.1.10",
      "dev": true,
      "license": "MIT",
      "dependencies": {
        "available-typed-arrays": "^1.0.5",
        "call-bind": "^1.0.2",
        "for-each": "^0.3.3",
        "gopd": "^1.0.1",
        "has-tostringtag": "^1.0.0"
      },
      "engines": {
        "node": ">= 0.4"
      },
      "funding": {
        "url": "https://github.com/sponsors/ljharb"
      }
    },
    "node_modules/isexe": {
      "version": "2.0.0",
      "dev": true,
      "license": "ISC"
    },
    "node_modules/isobject": {
      "version": "3.0.1",
      "dev": true,
      "license": "MIT",
      "engines": {
        "node": ">=0.10.0"
      }
    },
    "node_modules/jest-worker": {
      "version": "27.5.1",
      "dev": true,
      "license": "MIT",
      "dependencies": {
        "@types/node": "*",
        "merge-stream": "^2.0.0",
        "supports-color": "^8.0.0"
      },
      "engines": {
        "node": ">= 10.13.0"
      }
    },
    "node_modules/jest-worker/node_modules/supports-color": {
      "version": "8.1.1",
      "dev": true,
      "license": "MIT",
      "dependencies": {
        "has-flag": "^4.0.0"
      },
      "engines": {
        "node": ">=10"
      },
      "funding": {
        "url": "https://github.com/chalk/supports-color?sponsor=1"
      }
    },
    "node_modules/json-parse-even-better-errors": {
      "version": "2.3.1",
      "dev": true,
      "license": "MIT"
    },
    "node_modules/json-schema-traverse": {
      "version": "0.4.1",
      "dev": true,
      "license": "MIT"
    },
    "node_modules/kind-of": {
      "version": "6.0.3",
      "dev": true,
      "license": "MIT",
      "engines": {
        "node": ">=0.10.0"
      }
    },
    "node_modules/loader-runner": {
      "version": "4.3.0",
      "dev": true,
      "license": "MIT",
      "engines": {
        "node": ">=6.11.5"
      }
    },
    "node_modules/lodash": {
      "version": "4.17.21",
      "dev": true,
      "license": "MIT"
    },
    "node_modules/long": {
      "version": "4.0.0",
      "dev": true,
      "license": "Apache-2.0"
    },
    "node_modules/merge-stream": {
      "version": "2.0.0",
      "dev": true,
      "license": "MIT"
    },
    "node_modules/micromatch": {
      "version": "4.0.5",
      "dev": true,
      "license": "MIT",
      "dependencies": {
        "braces": "^3.0.2",
        "picomatch": "^2.3.1"
      },
      "engines": {
        "node": ">=8.6"
      }
    },
    "node_modules/mime-db": {
      "version": "1.52.0",
      "dev": true,
      "license": "MIT",
      "engines": {
        "node": ">= 0.6"
      }
    },
    "node_modules/mime-types": {
      "version": "2.1.35",
      "dev": true,
      "license": "MIT",
      "dependencies": {
        "mime-db": "1.52.0"
      },
      "engines": {
        "node": ">= 0.6"
      }
    },
    "node_modules/neo-async": {
      "version": "2.6.2",
      "dev": true,
      "license": "MIT"
    },
    "node_modules/node-releases": {
      "version": "2.0.12",
      "dev": true,
      "license": "MIT"
    },
    "node_modules/object-is": {
      "version": "1.1.5",
      "dev": true,
      "license": "MIT",
      "dependencies": {
        "call-bind": "^1.0.2",
        "define-properties": "^1.1.3"
      },
      "engines": {
        "node": ">= 0.4"
      },
      "funding": {
        "url": "https://github.com/sponsors/ljharb"
      }
    },
    "node_modules/object-keys": {
      "version": "1.1.1",
      "dev": true,
      "license": "MIT",
      "engines": {
        "node": ">= 0.4"
      }
    },
    "node_modules/onnx-proto": {
      "version": "4.0.4",
      "dev": true,
      "license": "MIT",
      "dependencies": {
        "protobufjs": "^6.8.8"
      }
    },
    "node_modules/onnxruntime-common": {
      "version": "1.15.0",
      "dev": true,
      "license": "MIT"
    },
    "node_modules/onnxruntime-web": {
      "version": "1.15.0",
      "dev": true,
      "license": "MIT",
      "dependencies": {
        "flatbuffers": "^1.12.0",
        "guid-typescript": "^1.0.9",
        "long": "^4.0.0",
        "onnx-proto": "^4.0.4",
        "onnxruntime-common": "~1.15.0",
        "platform": "^1.3.6"
      }
    },
    "node_modules/p-limit": {
      "version": "2.3.0",
      "dev": true,
      "license": "MIT",
      "dependencies": {
        "p-try": "^2.0.0"
      },
      "engines": {
        "node": ">=6"
      },
      "funding": {
        "url": "https://github.com/sponsors/sindresorhus"
      }
    },
    "node_modules/p-try": {
      "version": "2.2.0",
      "dev": true,
      "license": "MIT",
      "engines": {
        "node": ">=6"
      }
    },
    "node_modules/path-exists": {
      "version": "4.0.0",
      "dev": true,
      "license": "MIT",
      "engines": {
        "node": ">=8"
      }
    },
    "node_modules/path-key": {
      "version": "3.1.1",
      "dev": true,
      "license": "MIT",
      "engines": {
        "node": ">=8"
      }
    },
    "node_modules/path-parse": {
      "version": "1.0.7",
      "dev": true,
      "license": "MIT"
    },
    "node_modules/picocolors": {
      "version": "1.0.0",
      "dev": true,
      "license": "ISC"
    },
    "node_modules/picomatch": {
      "version": "2.3.1",
      "dev": true,
      "license": "MIT",
      "engines": {
        "node": ">=8.6"
      },
      "funding": {
        "url": "https://github.com/sponsors/jonschlinkert"
      }
    },
    "node_modules/platform": {
      "version": "1.3.6",
      "dev": true,
      "license": "MIT"
    },
    "node_modules/protobufjs": {
      "version": "6.11.3",
      "dev": true,
      "hasInstallScript": true,
      "license": "BSD-3-Clause",
      "dependencies": {
        "@protobufjs/aspromise": "^1.1.2",
        "@protobufjs/base64": "^1.1.2",
        "@protobufjs/codegen": "^2.0.4",
        "@protobufjs/eventemitter": "^1.1.0",
        "@protobufjs/fetch": "^1.1.0",
        "@protobufjs/float": "^1.0.2",
        "@protobufjs/inquire": "^1.1.0",
        "@protobufjs/path": "^1.1.2",
        "@protobufjs/pool": "^1.1.0",
        "@protobufjs/utf8": "^1.1.0",
        "@types/long": "^4.0.1",
        "@types/node": ">=13.7.0",
        "long": "^4.0.0"
      },
      "bin": {
        "pbjs": "bin/pbjs",
        "pbts": "bin/pbts"
      }
    },
    "node_modules/punycode": {
      "version": "2.3.0",
      "dev": true,
      "license": "MIT",
      "engines": {
        "node": ">=6"
      }
    },
    "node_modules/randombytes": {
      "version": "2.1.0",
      "dev": true,
      "license": "MIT",
      "dependencies": {
        "safe-buffer": "^5.1.0"
      }
    },
    "node_modules/randombytes/node_modules/safe-buffer": {
      "version": "5.2.1",
      "dev": true,
      "funding": [
        {
          "type": "github",
          "url": "https://github.com/sponsors/feross"
        },
        {
          "type": "patreon",
          "url": "https://www.patreon.com/feross"
        },
        {
          "type": "consulting",
          "url": "https://feross.org/support"
        }
      ],
      "license": "MIT"
    },
    "node_modules/rechoir": {
      "version": "0.8.0",
      "dev": true,
      "license": "MIT",
      "dependencies": {
        "resolve": "^1.20.0"
      },
      "engines": {
        "node": ">= 10.13.0"
      }
    },
    "node_modules/resolve": {
      "version": "1.22.2",
      "dev": true,
      "license": "MIT",
      "dependencies": {
        "is-core-module": "^2.11.0",
        "path-parse": "^1.0.7",
        "supports-preserve-symlinks-flag": "^1.0.0"
      },
      "bin": {
        "resolve": "bin/resolve"
      },
      "funding": {
        "url": "https://github.com/sponsors/ljharb"
      }
    },
    "node_modules/resolve-cwd": {
      "version": "3.0.0",
      "dev": true,
      "license": "MIT",
      "dependencies": {
        "resolve-from": "^5.0.0"
      },
      "engines": {
        "node": ">=8"
      }
    },
    "node_modules/resolve-from": {
      "version": "5.0.0",
      "dev": true,
      "license": "MIT",
      "engines": {
        "node": ">=8"
      }
    },
    "node_modules/schema-utils": {
      "version": "3.2.0",
      "dev": true,
      "license": "MIT",
      "dependencies": {
        "@types/json-schema": "^7.0.8",
        "ajv": "^6.12.5",
        "ajv-keywords": "^3.5.2"
      },
      "engines": {
        "node": ">= 10.13.0"
      },
      "funding": {
        "type": "opencollective",
        "url": "https://opencollective.com/webpack"
      }
    },
    "node_modules/semver": {
      "version": "7.5.1",
      "dev": true,
      "license": "ISC",
      "dependencies": {
        "lru-cache": "^6.0.0"
      },
      "bin": {
        "semver": "bin/semver.js"
      },
      "engines": {
        "node": ">=10"
      }
    },
    "node_modules/semver/node_modules/lru-cache": {
      "version": "6.0.0",
      "dev": true,
      "license": "ISC",
      "dependencies": {
        "yallist": "^4.0.0"
      },
      "engines": {
        "node": ">=10"
      }
    },
    "node_modules/semver/node_modules/yallist": {
      "version": "4.0.0",
      "dev": true,
      "license": "ISC"
    },
    "node_modules/serialize-javascript": {
      "version": "6.0.1",
      "dev": true,
      "license": "BSD-3-Clause",
      "dependencies": {
        "randombytes": "^2.1.0"
      }
    },
    "node_modules/shallow-clone": {
      "version": "3.0.1",
      "dev": true,
      "license": "MIT",
      "dependencies": {
        "kind-of": "^6.0.2"
      },
      "engines": {
        "node": ">=8"
      }
    },
    "node_modules/shebang-command": {
      "version": "2.0.0",
      "dev": true,
      "license": "MIT",
      "dependencies": {
        "shebang-regex": "^3.0.0"
      },
      "engines": {
        "node": ">=8"
      }
    },
    "node_modules/shebang-regex": {
      "version": "3.0.0",
      "dev": true,
      "license": "MIT",
      "engines": {
        "node": ">=8"
      }
    },
    "node_modules/source-map": {
      "version": "0.6.1",
      "dev": true,
      "license": "BSD-3-Clause",
      "engines": {
        "node": ">=0.10.0"
      }
    },
    "node_modules/source-map-support": {
      "version": "0.5.21",
      "dev": true,
      "license": "MIT",
      "dependencies": {
        "buffer-from": "^1.0.0",
        "source-map": "^0.6.0"
      }
    },
    "node_modules/supports-preserve-symlinks-flag": {
      "version": "1.0.0",
      "dev": true,
      "license": "MIT",
      "engines": {
        "node": ">= 0.4"
      },
      "funding": {
        "url": "https://github.com/sponsors/ljharb"
      }
    },
    "node_modules/tapable": {
      "version": "2.2.1",
      "dev": true,
      "license": "MIT",
      "engines": {
        "node": ">=6"
      }
    },
    "node_modules/terser": {
      "version": "5.18.0",
      "dev": true,
      "license": "BSD-2-Clause",
      "dependencies": {
        "@jridgewell/source-map": "^0.3.3",
        "acorn": "^8.8.2",
        "commander": "^2.20.0",
        "source-map-support": "~0.5.20"
      },
      "bin": {
        "terser": "bin/terser"
      },
      "engines": {
        "node": ">=10"
      }
    },
    "node_modules/terser-webpack-plugin": {
      "version": "5.3.9",
      "dev": true,
      "license": "MIT",
      "dependencies": {
        "@jridgewell/trace-mapping": "^0.3.17",
        "jest-worker": "^27.4.5",
        "schema-utils": "^3.1.1",
        "serialize-javascript": "^6.0.1",
        "terser": "^5.16.8"
      },
      "engines": {
        "node": ">= 10.13.0"
      },
      "funding": {
        "type": "opencollective",
        "url": "https://opencollective.com/webpack"
      },
      "peerDependencies": {
        "webpack": "^5.1.0"
      },
      "peerDependenciesMeta": {
        "@swc/core": {
          "optional": true
        },
        "esbuild": {
          "optional": true
        },
        "uglify-js": {
          "optional": true
        }
      }
    },
    "node_modules/terser/node_modules/commander": {
      "version": "2.20.3",
      "dev": true,
      "license": "MIT"
    },
    "node_modules/to-regex-range": {
      "version": "5.0.1",
      "dev": true,
      "license": "MIT",
      "dependencies": {
        "is-number": "^7.0.0"
      },
      "engines": {
        "node": ">=8.0"
      }
    },
    "node_modules/ts-loader": {
      "version": "9.4.3",
      "dev": true,
      "license": "MIT",
      "dependencies": {
        "chalk": "^4.1.0",
        "enhanced-resolve": "^5.0.0",
        "micromatch": "^4.0.0",
        "semver": "^7.3.4"
      },
      "engines": {
        "node": ">=12.0.0"
      },
      "peerDependencies": {
        "typescript": "*",
        "webpack": "^5.0.0"
      }
    },
    "node_modules/ts-loader/node_modules/ansi-styles": {
      "version": "4.3.0",
      "dev": true,
      "license": "MIT",
      "dependencies": {
        "color-convert": "^2.0.1"
      },
      "engines": {
        "node": ">=8"
      },
      "funding": {
        "url": "https://github.com/chalk/ansi-styles?sponsor=1"
      }
    },
    "node_modules/ts-loader/node_modules/chalk": {
      "version": "4.1.2",
      "dev": true,
      "license": "MIT",
      "dependencies": {
        "ansi-styles": "^4.1.0",
        "supports-color": "^7.1.0"
      },
      "engines": {
        "node": ">=10"
      },
      "funding": {
        "url": "https://github.com/chalk/chalk?sponsor=1"
      }
    },
    "node_modules/ts-loader/node_modules/color-convert": {
      "version": "2.0.1",
      "dev": true,
      "license": "MIT",
      "dependencies": {
        "color-name": "~1.1.4"
      },
      "engines": {
        "node": ">=7.0.0"
      }
    },
    "node_modules/ts-loader/node_modules/color-name": {
      "version": "1.1.4",
      "dev": true,
      "license": "MIT"
    },
    "node_modules/ts-loader/node_modules/supports-color": {
      "version": "7.2.0",
      "dev": true,
      "license": "MIT",
      "dependencies": {
        "has-flag": "^4.0.0"
      },
      "engines": {
        "node": ">=8"
      }
    },
    "node_modules/tslib": {
      "version": "2.5.3",
      "dev": true,
      "license": "0BSD"
    },
    "node_modules/typescript": {
      "version": "5.1.3",
      "dev": true,
      "license": "Apache-2.0",
      "bin": {
        "tsc": "bin/tsc",
        "tsserver": "bin/tsserver"
      },
      "engines": {
        "node": ">=14.17"
      }
    },
    "node_modules/update-browserslist-db": {
      "version": "1.0.11",
      "dev": true,
      "funding": [
        {
          "type": "opencollective",
          "url": "https://opencollective.com/browserslist"
        },
        {
          "type": "tidelift",
          "url": "https://tidelift.com/funding/github/npm/browserslist"
        },
        {
          "type": "github",
          "url": "https://github.com/sponsors/ai"
        }
      ],
      "license": "MIT",
      "dependencies": {
        "escalade": "^3.1.1",
        "picocolors": "^1.0.0"
      },
      "bin": {
        "update-browserslist-db": "cli.js"
      },
      "peerDependencies": {
        "browserslist": ">= 4.21.0"
      }
    },
    "node_modules/uri-js": {
      "version": "4.4.1",
      "dev": true,
      "license": "BSD-2-Clause",
      "dependencies": {
        "punycode": "^2.1.0"
      }
    },
    "node_modules/util": {
      "version": "0.12.5",
      "dev": true,
      "license": "MIT",
      "dependencies": {
        "inherits": "^2.0.3",
        "is-arguments": "^1.0.4",
        "is-generator-function": "^1.0.7",
        "is-typed-array": "^1.1.3",
        "which-typed-array": "^1.1.2"
      }
    },
    "node_modules/wasm-feature-detect": {
      "version": "1.5.1",
      "dev": true,
      "license": "Apache-2.0"
    },
    "node_modules/watchpack": {
      "version": "2.4.0",
      "dev": true,
      "license": "MIT",
      "dependencies": {
        "glob-to-regexp": "^0.4.1",
        "graceful-fs": "^4.1.2"
      },
      "engines": {
        "node": ">=10.13.0"
      }
    },
    "node_modules/webpack": {
      "version": "5.86.0",
      "dev": true,
      "license": "MIT",
      "dependencies": {
        "@types/eslint-scope": "^3.7.3",
        "@types/estree": "^1.0.0",
        "@webassemblyjs/ast": "^1.11.5",
        "@webassemblyjs/wasm-edit": "^1.11.5",
        "@webassemblyjs/wasm-parser": "^1.11.5",
        "acorn": "^8.7.1",
        "acorn-import-assertions": "^1.9.0",
        "browserslist": "^4.14.5",
        "chrome-trace-event": "^1.0.2",
        "enhanced-resolve": "^5.14.1",
        "es-module-lexer": "^1.2.1",
        "eslint-scope": "5.1.1",
        "events": "^3.2.0",
        "glob-to-regexp": "^0.4.1",
        "graceful-fs": "^4.2.9",
        "json-parse-even-better-errors": "^2.3.1",
        "loader-runner": "^4.2.0",
        "mime-types": "^2.1.27",
        "neo-async": "^2.6.2",
        "schema-utils": "^3.1.2",
        "tapable": "^2.1.1",
        "terser-webpack-plugin": "^5.3.7",
        "watchpack": "^2.4.0",
        "webpack-sources": "^3.2.3"
      },
      "bin": {
        "webpack": "bin/webpack.js"
      },
      "engines": {
        "node": ">=10.13.0"
      },
      "funding": {
        "type": "opencollective",
        "url": "https://opencollective.com/webpack"
      },
      "peerDependenciesMeta": {
        "webpack-cli": {
          "optional": true
        }
      }
    },
    "node_modules/webpack-cli": {
      "version": "5.1.4",
      "dev": true,
      "license": "MIT",
      "dependencies": {
        "@discoveryjs/json-ext": "^0.5.0",
        "@webpack-cli/configtest": "^2.1.1",
        "@webpack-cli/info": "^2.0.2",
        "@webpack-cli/serve": "^2.0.5",
        "colorette": "^2.0.14",
        "commander": "^10.0.1",
        "cross-spawn": "^7.0.3",
        "envinfo": "^7.7.3",
        "fastest-levenshtein": "^1.0.12",
        "import-local": "^3.0.2",
        "interpret": "^3.1.1",
        "rechoir": "^0.8.0",
        "webpack-merge": "^5.7.3"
      },
      "bin": {
        "webpack-cli": "bin/cli.js"
      },
      "engines": {
        "node": ">=14.15.0"
      },
      "funding": {
        "type": "opencollective",
        "url": "https://opencollective.com/webpack"
      },
      "peerDependencies": {
        "webpack": "5.x.x"
      },
      "peerDependenciesMeta": {
        "@webpack-cli/generators": {
          "optional": true
        },
        "webpack-bundle-analyzer": {
          "optional": true
        },
        "webpack-dev-server": {
          "optional": true
        }
      }
    },
    "node_modules/webpack-merge": {
      "version": "5.9.0",
      "dev": true,
      "license": "MIT",
      "dependencies": {
        "clone-deep": "^4.0.1",
        "wildcard": "^2.0.0"
      },
      "engines": {
        "node": ">=10.0.0"
      }
    },
    "node_modules/webpack-sources": {
      "version": "3.2.3",
      "dev": true,
      "license": "MIT",
      "engines": {
        "node": ">=10.13.0"
      }
    },
    "node_modules/which": {
      "version": "2.0.2",
      "dev": true,
      "license": "ISC",
      "dependencies": {
        "isexe": "^2.0.0"
      },
      "bin": {
        "node-which": "bin/node-which"
      },
      "engines": {
        "node": ">= 8"
      }
    },
    "node_modules/which-typed-array": {
      "version": "1.1.9",
      "dev": true,
      "license": "MIT",
      "dependencies": {
        "available-typed-arrays": "^1.0.5",
        "call-bind": "^1.0.2",
        "for-each": "^0.3.3",
        "gopd": "^1.0.1",
        "has-tostringtag": "^1.0.0",
        "is-typed-array": "^1.1.10"
      },
      "engines": {
        "node": ">= 0.4"
      },
      "funding": {
        "url": "https://github.com/sponsors/ljharb"
      }
    },
    "node_modules/wildcard": {
      "version": "2.0.1",
      "dev": true,
      "license": "MIT"
    },
    "node_modules/zod": {
      "version": "3.21.4",
      "dev": true,
      "license": "MIT",
      "funding": {
        "url": "https://github.com/sponsors/colinhacks"
      }
    }
  }
}
