{
  "name": "cli",
  "version": "1.0.0",
  "lockfileVersion": 3,
  "requires": true,
  "packages": {
    "": {
      "name": "cli",
      "version": "1.0.0",
      "license": "ISC",
      "dependencies": {
        "@imgly/background-removal-node": "file:../..",
        "deno": "^0.1.1"
      }
    },
    "../..": {
      "name": "@imgly/background-removal-node",
      "version": "1.1.0",
      "license": "SEE LICENSE IN LICENSE.md",
      "dependencies": {
        "lodash": "^4.17.21",
        "ndarray": "^1.0.19",
        "onnxruntime-node": "^1.15.1",
        "onnxruntime-node-gpu": "^1.14.0",
        "sharp": "^0.32.4",
        "yargs": "^17.7.2",
        "zod": "^3.21.4"
      },
      "bin": {
        "cli": "bin/cli.mjs"
      },
      "devDependencies": {
        "@parcel/packager-ts": "^2.9.3",
        "@parcel/resolver-default": "^2.9.3",
        "@parcel/transformer-typescript-types": "^2.9.3",
        "@types/lodash": "^4.14.195",
        "@types/node": "^20.3.1",
        "assert": "^2.0.0",
        "os-browserify": "^0.3.0",
        "parcel": "^2.9.3",
        "path-browserify": "^1.0.1",
        "process": "^0.11.10",
        "stream-browserify": "^3.0.0",
        "ts-loader": "^9.4.3",
        "tslib": "^2.5.3",
        "typescript": "^5.1.3",
        "util": "^0.12.5",
        "webpack": "^5.85.1",
        "webpack-cli": "^5.1.4"
      }
    },
    "node_modules/@imgly/background-removal-node": {
      "resolved": "../..",
      "link": true
    },
    "node_modules/dafo": {
      "version": "0.1.1",
      "resolved": "https://registry.npmjs.org/dafo/-/dafo-0.1.1.tgz",
      "integrity": "sha512-18XhtDt5qQ5pAfWzo1t3mRXQPanY8diFQFjCxh+/0mko5QHztCv6oLgPL9kKxB8aeYutp8lWC7BqjGzC8GWX1w==",
      "dependencies": {
        "noda": "^0.1.2"
      }
    },
    "node_modules/dafo/node_modules/noda": {
      "version": "0.1.2",
      "resolved": "https://registry.npmjs.org/noda/-/noda-0.1.2.tgz",
      "integrity": "sha512-oP5xzQsC4dujsuRlshsnb2R+0BWJmPRJx8MXQlTgbrSSqi5Szeu67Lr8Od1/lkc+8evLPRDmHl9L0xeVJYRGaw=="
    },
    "node_modules/deno": {
      "version": "0.1.1",
      "resolved": "https://registry.npmjs.org/deno/-/deno-0.1.1.tgz",
      "integrity": "sha512-vdXCOZOXXgRUFPIV2HbyBBT+u1TjKmDueCEJuk9Q+ADLS7jmVfdfGxp0vI5o/gOjbA1OwOYMVfg249+9vjYa7w==",
      "dependencies": {
        "dafo": "^0.1.1",
        "noda": "^0.6.0",
        "qir": "^0.1.0"
      },
      "bin": {
        "install.js": "try-deno"
      }
    },
    "node_modules/noda": {
      "version": "0.6.0",
      "resolved": "https://registry.npmjs.org/noda/-/noda-0.6.0.tgz",
      "integrity": "sha512-Zj3eTQ1cL83zGvorxbGmeqNnt/h+2nH3jT/XLI2oXHL9LH6IKoPvFh6feT1e/yFhRRByP3Q+waM+2dcXIdZkqg==",
      "engines": {
        "node": ">=6"
      }
    },
    "node_modules/qir": {
      "version": "0.1.0",
      "resolved": "https://registry.npmjs.org/qir/-/qir-0.1.0.tgz",
      "integrity": "sha512-LJUKDMyPsaog5uDarzqterz+SfdyA3mfvq45kSLV0X5IOSPy/nlueKvLg8nClOSKp57c1E0bU/BFHwHFUoVhcw==",
      "dependencies": {
        "noda": "^0.6.0"
      }
    }
  }
}
